# This file is automatically @generated by Poetry 1.6.1 and should not be changed by hand.

[[package]]
name = "bespon"
version = "0.7.0"
description = "Python library for BespON"
optional = false
python-versions = ">=3.7"
files = [
    {file = "bespon-0.7.0-py3-none-any.whl", hash = "sha256:5fa231b2dee005f33b73b70811ff3f43f109cbf5235c5513b6e7b67550f26f41"},
    {file = "bespon-0.7.0.tar.gz", hash = "sha256:746b57c38baaea97725c155f4a2f6cee408552a0353ceeea584198d09340cfc4"},
]

[[package]]
name = "markdown"
version = "3.5"
description = "Python implementation of John Gruber's Markdown."
optional = false
python-versions = ">=3.8"
files = [
    {file = "Markdown-3.5-py3-none-any.whl", hash = "sha256:4afb124395ce5fc34e6d9886dab977fd9ae987fc6e85689f08278cf0c69d4bf3"},
    {file = "Markdown-3.5.tar.gz", hash = "sha256:a807eb2e4778d9156c8f07876c6e4d50b5494c5665c4834f67b06459dfd877b3"},
]

[package.extras]
docs = ["mdx-gh-links (>=0.2)", "mkdocs (>=1.5)", "mkdocs-gen-files", "mkdocs-literate-nav", "mkdocs-nature (>=0.6)", "mkdocs-section-index", "mkdocstrings[python]"]
testing = ["coverage", "pyyaml"]

[[package]]
name = "text2qti"
version = "0.6.0"
description = "Create quizzes in QTI format from Markdown-based plain text"
optional = false
python-versions = ">=3.6"
files = [
    {file = "text2qti-0.6.0-py3-none-any.whl", hash = "sha256:47ae6dcb0f2840314010b067dfdd9bff1c439a6d110fd216288ae9ccaf09f02d"},
    {file = "text2qti-0.6.0.tar.gz", hash = "sha256:528f39fd5a2cc6dd452458305a4ca1e50d249a365d7d9cba378b9ea53b686cd0"},
]

[package.dependencies]
bespon = ">=0.4"
markdown = ">=3.2"

[metadata]
lock-version = "2.0"
python-versions = "^3.11"
content-hash = "0026bb78b4088ca639bb51527774c2416e74c9908c33deafd6af6ab7d86384ca"
